
Microsoft Visual Studio Solution File, Format Version 12.00
# Visual Studio Version 17
VisualStudioVersion = 17.0.31903.59
MinimumVisualStudioVersion = 10.0.40219.1
Project("{2150E333-8FDC-42A3-9474-1A3956D46DE8}") = "src", "src", "{827E0CD3-B72D-47B6-A68D-7590B98EB39B}"
EndProject
Project("{FAE04EC0-301F-11D3-BF4B-00C04F79EFBC}") = "PetCare.Api", "src\PetCare.Api\PetCare.Api.csproj", "{855C8055-87B7-4EC4-8B89-645B9F182242}"
EndProject
Project("{FAE04EC0-301F-11D3-BF4B-00C04F79EFBC}") = "PetCare.Application", "src\PetCare.Application\PetCare.Application.csproj", "{1E9CEC9F-4EE5-4C0E-A866-45A2D9498FD6}"
EndProject
Project("{FAE04EC0-301F-11D3-BF4B-00C04F79EFBC}") = "PetCare.Domain", "src\PetCare.Domain\PetCare.Domain.csproj", "{0AFA7B10-998C-4C29-AAB2-B75D0374CA06}"
EndProject
Project("{FAE04EC0-301F-11D3-BF4B-00C04F79EFBC}") = "PetCare.Infrastructure", "src\PetCare.Infrastructure\PetCare.Infrastructure.csproj", "{C4867A8D-693C-49DF-9FD6-6921D351E180}"
EndProject
Project("{2150E333-8FDC-42A3-9474-1A3956D46DE8}") = "tests", "tests", "{0AB3BF05-4346-4AA6-1389-037BE0695223}"
EndProject
Project("{FAE04EC0-301F-11D3-BF4B-00C04F79EFBC}") = "PetCare.Domain.Tests", "tests\PetCare.Domain.Tests\PetCare.Domain.Tests.csproj", "{34A24FE7-54B0-4A81-A97B-3EFCA1AC70B2}"
EndProject
Project("{FAE04EC0-301F-11D3-BF4B-00C04F79EFBC}") = "PetCare.Application.Tests", "tests\PetCare.Application.Tests\PetCare.Application.Tests.csproj", "{FF9C764E-05A1-4D48-884D-AE808332AC3C}"
EndProject
Project("{FAE04EC0-301F-11D3-BF4B-00C04F79EFBC}") = "PetCare.Api.Tests", "tests\PetCare.Api.Tests\PetCare.Api.Tests.csproj", "{8596E00F-AA5F-4E85-8F00-A2F56F1B0CC5}"
EndProject
Project("{FAE04EC0-301F-11D3-BF4B-00C04F79EFBC}") = "PetCare.Integration.Tests", "tests\PetCare.Integration.Tests\PetCare.Integration.Tests.csproj", "{15C7A99D-D7A4-4024-BE09-83E0DF579A44}"
EndProject
Global
	GlobalSection(SolutionConfigurationPlatforms) = preSolution
		Debug|Any CPU = Debug|Any CPU
		Debug|x64 = Debug|x64
		Debug|x86 = Debug|x86
		Release|Any CPU = Release|Any CPU
		Release|x64 = Release|x64
		Release|x86 = Release|x86
	EndGlobalSection
	GlobalSection(ProjectConfigurationPlatforms) = postSolution
		{855C8055-87B7-4EC4-8B89-645B9F182242}.Debug|Any CPU.ActiveCfg = Debug|Any CPU
		{855C8055-87B7-4EC4-8B89-645B9F182242}.Debug|Any CPU.Build.0 = Debug|Any CPU
		{855C8055-87B7-4EC4-8B89-645B9F182242}.Debug|x64.ActiveCfg = Debug|Any CPU
		{855C8055-87B7-4EC4-8B89-645B9F182242}.Debug|x64.Build.0 = Debug|Any CPU
		{855C8055-87B7-4EC4-8B89-645B9F182242}.Debug|x86.ActiveCfg = Debug|Any CPU
		{855C8055-87B7-4EC4-8B89-645B9F182242}.Debug|x86.Build.0 = Debug|Any CPU
		{855C8055-87B7-4EC4-8B89-645B9F182242}.Release|Any CPU.ActiveCfg = Release|Any CPU
		{855C8055-87B7-4EC4-8B89-645B9F182242}.Release|Any CPU.Build.0 = Release|Any CPU
		{855C8055-87B7-4EC4-8B89-645B9F182242}.Release|x64.ActiveCfg = Release|Any CPU
		{855C8055-87B7-4EC4-8B89-645B9F182242}.Release|x64.Build.0 = Release|Any CPU
		{855C8055-87B7-4EC4-8B89-645B9F182242}.Release|x86.ActiveCfg = Release|Any CPU
		{855C8055-87B7-4EC4-8B89-645B9F182242}.Release|x86.Build.0 = Release|Any CPU
		{1E9CEC9F-4EE5-4C0E-A866-45A2D9498FD6}.Debug|Any CPU.ActiveCfg = Debug|Any CPU
		{1E9CEC9F-4EE5-4C0E-A866-45A2D9498FD6}.Debug|Any CPU.Build.0 = Debug|Any CPU
		{1E9CEC9F-4EE5-4C0E-A866-45A2D9498FD6}.Debug|x64.ActiveCfg = Debug|Any CPU
		{1E9CEC9F-4EE5-4C0E-A866-45A2D9498FD6}.Debug|x64.Build.0 = Debug|Any CPU
		{1E9CEC9F-4EE5-4C0E-A866-45A2D9498FD6}.Debug|x86.ActiveCfg = Debug|Any CPU
		{1E9CEC9F-4EE5-4C0E-A866-45A2D9498FD6}.Debug|x86.Build.0 = Debug|Any CPU
		{1E9CEC9F-4EE5-4C0E-A866-45A2D9498FD6}.Release|Any CPU.ActiveCfg = Release|Any CPU
		{1E9CEC9F-4EE5-4C0E-A866-45A2D9498FD6}.Release|Any CPU.Build.0 = Release|Any CPU
		{1E9CEC9F-4EE5-4C0E-A866-45A2D9498FD6}.Release|x64.ActiveCfg = Release|Any CPU
		{1E9CEC9F-4EE5-4C0E-A866-45A2D9498FD6}.Release|x64.Build.0 = Release|Any CPU
		{1E9CEC9F-4EE5-4C0E-A866-45A2D9498FD6}.Release|x86.ActiveCfg = Release|Any CPU
		{1E9CEC9F-4EE5-4C0E-A866-45A2D9498FD6}.Release|x86.Build.0 = Release|Any CPU
		{0AFA7B10-998C-4C29-AAB2-B75D0374CA06}.Debug|Any CPU.ActiveCfg = Debug|Any CPU
		{0AFA7B10-998C-4C29-AAB2-B75D0374CA06}.Debug|Any CPU.Build.0 = Debug|Any CPU
		{0AFA7B10-998C-4C29-AAB2-B75D0374CA06}.Debug|x64.ActiveCfg = Debug|Any CPU
		{0AFA7B10-998C-4C29-AAB2-B75D0374CA06}.Debug|x64.Build.0 = Debug|Any CPU
		{0AFA7B10-998C-4C29-AAB2-B75D0374CA06}.Debug|x86.ActiveCfg = Debug|Any CPU
		{0AFA7B10-998C-4C29-AAB2-B75D0374CA06}.Debug|x86.Build.0 = Debug|Any CPU
		{0AFA7B10-998C-4C29-AAB2-B75D0374CA06}.Release|Any CPU.ActiveCfg = Release|Any CPU
		{0AFA7B10-998C-4C29-AAB2-B75D0374CA06}.Release|Any CPU.Build.0 = Release|Any CPU
		{0AFA7B10-998C-4C29-AAB2-B75D0374CA06}.Release|x64.ActiveCfg = Release|Any CPU
		{0AFA7B10-998C-4C29-AAB2-B75D0374CA06}.Release|x64.Build.0 = Release|Any CPU
		{0AFA7B10-998C-4C29-AAB2-B75D0374CA06}.Release|x86.ActiveCfg = Release|Any CPU
		{0AFA7B10-998C-4C29-AAB2-B75D0374CA06}.Release|x86.Build.0 = Release|Any CPU
		{C4867A8D-693C-49DF-9FD6-6921D351E180}.Debug|Any CPU.ActiveCfg = Debug|Any CPU
		{C4867A8D-693C-49DF-9FD6-6921D351E180}.Debug|Any CPU.Build.0 = Debug|Any CPU
		{C4867A8D-693C-49DF-9FD6-6921D351E180}.Debug|x64.ActiveCfg = Debug|Any CPU
		{C4867A8D-693C-49DF-9FD6-6921D351E180}.Debug|x64.Build.0 = Debug|Any CPU
		{C4867A8D-693C-49DF-9FD6-6921D351E180}.Debug|x86.ActiveCfg = Debug|Any CPU
		{C4867A8D-693C-49DF-9FD6-6921D351E180}.Debug|x86.Build.0 = Debug|Any CPU
		{C4867A8D-693C-49DF-9FD6-6921D351E180}.Release|Any CPU.ActiveCfg = Release|Any CPU
		{C4867A8D-693C-49DF-9FD6-6921D351E180}.Release|Any CPU.Build.0 = Release|Any CPU
		{C4867A8D-693C-49DF-9FD6-6921D351E180}.Release|x64.ActiveCfg = Release|Any CPU
		{C4867A8D-693C-49DF-9FD6-6921D351E180}.Release|x64.Build.0 = Release|Any CPU
		{C4867A8D-693C-49DF-9FD6-6921D351E180}.Release|x86.ActiveCfg = Release|Any CPU
		{C4867A8D-693C-49DF-9FD6-6921D351E180}.Release|x86.Build.0 = Release|Any CPU
		{34A24FE7-54B0-4A81-A97B-3EFCA1AC70B2}.Debug|Any CPU.ActiveCfg = Debug|Any CPU
		{34A24FE7-54B0-4A81-A97B-3EFCA1AC70B2}.Debug|Any CPU.Build.0 = Debug|Any CPU
		{34A24FE7-54B0-4A81-A97B-3EFCA1AC70B2}.Debug|x64.ActiveCfg = Debug|Any CPU
		{34A24FE7-54B0-4A81-A97B-3EFCA1AC70B2}.Debug|x64.Build.0 = Debug|Any CPU
		{34A24FE7-54B0-4A81-A97B-3EFCA1AC70B2}.Debug|x86.ActiveCfg = Debug|Any CPU
		{34A24FE7-54B0-4A81-A97B-3EFCA1AC70B2}.Debug|x86.Build.0 = Debug|Any CPU
		{34A24FE7-54B0-4A81-A97B-3EFCA1AC70B2}.Release|Any CPU.ActiveCfg = Release|Any CPU
		{34A24FE7-54B0-4A81-A97B-3EFCA1AC70B2}.Release|Any CPU.Build.0 = Release|Any CPU
		{34A24FE7-54B0-4A81-A97B-3EFCA1AC70B2}.Release|x64.ActiveCfg = Release|Any CPU
		{34A24FE7-54B0-4A81-A97B-3EFCA1AC70B2}.Release|x64.Build.0 = Release|Any CPU
		{34A24FE7-54B0-4A81-A97B-3EFCA1AC70B2}.Release|x86.ActiveCfg = Release|Any CPU
		{34A24FE7-54B0-4A81-A97B-3EFCA1AC70B2}.Release|x86.Build.0 = Release|Any CPU
		{FF9C764E-05A1-4D48-884D-AE808332AC3C}.Debug|Any CPU.ActiveCfg = Debug|Any CPU
		{FF9C764E-05A1-4D48-884D-AE808332AC3C}.Debug|Any CPU.Build.0 = Debug|Any CPU
		{FF9C764E-05A1-4D48-884D-AE808332AC3C}.Debug|x64.ActiveCfg = Debug|Any CPU
		{FF9C764E-05A1-4D48-884D-AE808332AC3C}.Debug|x64.Build.0 = Debug|Any CPU
		{FF9C764E-05A1-4D48-884D-AE808332AC3C}.Debug|x86.ActiveCfg = Debug|Any CPU
		{FF9C764E-05A1-4D48-884D-AE808332AC3C}.Debug|x86.Build.0 = Debug|Any CPU
		{FF9C764E-05A1-4D48-884D-AE808332AC3C}.Release|Any CPU.ActiveCfg = Release|Any CPU
		{FF9C764E-05A1-4D48-884D-AE808332AC3C}.Release|Any CPU.Build.0 = Release|Any CPU
		{FF9C764E-05A1-4D48-884D-AE808332AC3C}.Release|x64.ActiveCfg = Release|Any CPU
		{FF9C764E-05A1-4D48-884D-AE808332AC3C}.Release|x64.Build.0 = Release|Any CPU
		{FF9C764E-05A1-4D48-884D-AE808332AC3C}.Release|x86.ActiveCfg = Release|Any CPU
		{FF9C764E-05A1-4D48-884D-AE808332AC3C}.Release|x86.Build.0 = Release|Any CPU
		{8596E00F-AA5F-4E85-8F00-A2F56F1B0CC5}.Debug|Any CPU.ActiveCfg = Debug|Any CPU
		{8596E00F-AA5F-4E85-8F00-A2F56F1B0CC5}.Debug|Any CPU.Build.0 = Debug|Any CPU
		{8596E00F-AA5F-4E85-8F00-A2F56F1B0CC5}.Debug|x64.ActiveCfg = Debug|Any CPU
		{8596E00F-AA5F-4E85-8F00-A2F56F1B0CC5}.Debug|x64.Build.0 = Debug|Any CPU
		{8596E00F-AA5F-4E85-8F00-A2F56F1B0CC5}.Debug|x86.ActiveCfg = Debug|Any CPU
		{8596E00F-AA5F-4E85-8F00-A2F56F1B0CC5}.Debug|x86.Build.0 = Debug|Any CPU
		{8596E00F-AA5F-4E85-8F00-A2F56F1B0CC5}.Release|Any CPU.ActiveCfg = Release|Any CPU
		{8596E00F-AA5F-4E85-8F00-A2F56F1B0CC5}.Release|Any CPU.Build.0 = Release|Any CPU
		{8596E00F-AA5F-4E85-8F00-A2F56F1B0CC5}.Release|x64.ActiveCfg = Release|Any CPU
		{8596E00F-AA5F-4E85-8F00-A2F56F1B0CC5}.Release|x64.Build.0 = Release|Any CPU
		{8596E00F-AA5F-4E85-8F00-A2F56F1B0CC5}.Release|x86.ActiveCfg = Release|Any CPU
		{8596E00F-AA5F-4E85-8F00-A2F56F1B0CC5}.Release|x86.Build.0 = Release|Any CPU
		{15C7A99D-D7A4-4024-BE09-83E0DF579A44}.Debug|Any CPU.ActiveCfg = Debug|Any CPU
		{15C7A99D-D7A4-4024-BE09-83E0DF579A44}.Debug|Any CPU.Build.0 = Debug|Any CPU
		{15C7A99D-D7A4-4024-BE09-83E0DF579A44}.Debug|x64.ActiveCfg = Debug|Any CPU
		{15C7A99D-D7A4-4024-BE09-83E0DF579A44}.Debug|x64.Build.0 = Debug|Any CPU
		{15C7A99D-D7A4-4024-BE09-83E0DF579A44}.Debug|x86.ActiveCfg = Debug|Any CPU
		{15C7A99D-D7A4-4024-BE09-83E0DF579A44}.Debug|x86.Build.0 = Debug|Any CPU
		{15C7A99D-D7A4-4024-BE09-83E0DF579A44}.Release|Any CPU.ActiveCfg = Release|Any CPU
		{15C7A99D-D7A4-4024-BE09-83E0DF579A44}.Release|Any CPU.Build.0 = Release|Any CPU
		{15C7A99D-D7A4-4024-BE09-83E0DF579A44}.Release|x64.ActiveCfg = Release|Any CPU
		{15C7A99D-D7A4-4024-BE09-83E0DF579A44}.Release|x64.Build.0 = Release|Any CPU
		{15C7A99D-D7A4-4024-BE09-83E0DF579A44}.Release|x86.ActiveCfg = Release|Any CPU
		{15C7A99D-D7A4-4024-BE09-83E0DF579A44}.Release|x86.Build.0 = Release|Any CPU
	EndGlobalSection
	GlobalSection(SolutionProperties) = preSolution
		HideSolutionNode = FALSE
	EndGlobalSection
	GlobalSection(NestedProjects) = preSolution
		{855C8055-87B7-4EC4-8B89-645B9F182242} = {827E0CD3-B72D-47B6-A68D-7590B98EB39B}
		{1E9CEC9F-4EE5-4C0E-A866-45A2D9498FD6} = {827E0CD3-B72D-47B6-A68D-7590B98EB39B}
		{0AFA7B10-998C-4C29-AAB2-B75D0374CA06} = {827E0CD3-B72D-47B6-A68D-7590B98EB39B}
		{C4867A8D-693C-49DF-9FD6-6921D351E180} = {827E0CD3-B72D-47B6-A68D-7590B98EB39B}
		{34A24FE7-54B0-4A81-A97B-3EFCA1AC70B2} = {0AB3BF05-4346-4AA6-1389-037BE0695223}
		{FF9C764E-05A1-4D48-884D-AE808332AC3C} = {0AB3BF05-4346-4AA6-1389-037BE0695223}
		{8596E00F-AA5F-4E85-8F00-A2F56F1B0CC5} = {0AB3BF05-4346-4AA6-1389-037BE0695223}
		{15C7A99D-D7A4-4024-BE09-83E0DF579A44} = {0AB3BF05-4346-4AA6-1389-037BE0695223}
	EndGlobalSection
EndGlobal
